
Microsoft Visual Studio Solution File, Format Version 12.00
# Visual Studio Version 16
VisualStudioVersion = 16.0.30717.126
MinimumVisualStudioVersion = 10.0.40219.1
Project("{00D1A9C2-B5F0-4AF3-8072-F6C62B433612}") = "DotNetLab2021Feb.Database", "DotNetLab2021Feb.Database\DotNetLab2021Feb.Database.sqlproj", "{1AF3044C-6018-41F4-8223-7C45DB7E57B0}"
EndProject
Project("{FAE04EC0-301F-11D3-BF4B-00C04F79EFBC}") = "DotNetLab2021Feb.Api", "DotNetLab2021Feb.Api\DotNetLab2021Feb.Api.csproj", "{6D19FC00-87F5-40F1-8A92-8D4B272B6205}"
EndProject
Global
	GlobalSection(SolutionConfigurationPlatforms) = preSolution
		Debug|Any CPU = Debug|Any CPU
		Release|Any CPU = Release|Any CPU
	EndGlobalSection
	GlobalSection(ProjectConfigurationPlatforms) = postSolution
		{1AF3044C-6018-41F4-8223-7C45DB7E57B0}.Debug|Any CPU.ActiveCfg = Debug|Any CPU
		{1AF3044C-6018-41F4-8223-7C45DB7E57B0}.Debug|Any CPU.Build.0 = Debug|Any CPU
		{1AF3044C-6018-41F4-8223-7C45DB7E57B0}.Debug|Any CPU.Deploy.0 = Debug|Any CPU
		{1AF3044C-6018-41F4-8223-7C45DB7E57B0}.Release|Any CPU.ActiveCfg = Release|Any CPU
		{1AF3044C-6018-41F4-8223-7C45DB7E57B0}.Release|Any CPU.Build.0 = Release|Any CPU
		{1AF3044C-6018-41F4-8223-7C45DB7E57B0}.Release|Any CPU.Deploy.0 = Release|Any CPU
		{6D19FC00-87F5-40F1-8A92-8D4B272B6205}.Debug|Any CPU.ActiveCfg = Debug|Any CPU
		{6D19FC00-87F5-40F1-8A92-8D4B272B6205}.Debug|Any CPU.Build.0 = Debug|Any CPU
		{6D19FC00-87F5-40F1-8A92-8D4B272B6205}.Release|Any CPU.ActiveCfg = Release|Any CPU
		{6D19FC00-87F5-40F1-8A92-8D4B272B6205}.Release|Any CPU.Build.0 = Release|Any CPU
	EndGlobalSection
	GlobalSection(SolutionProperties) = preSolution
		HideSolutionNode = FALSE
	EndGlobalSection
	GlobalSection(ExtensibilityGlobals) = postSolution
		SolutionGuid = {712BEE3C-0568-43E4-A00D-604BDA6506EC}
	EndGlobalSection
EndGlobal
